
Microsoft Visual Studio Solution File, Format Version 12.00
# Visual Studio 15
VisualStudioVersion = 15.0.27428.2002
MinimumVisualStudioVersion = 10.0.40219.1
Project("{8BC9CEB8-8B4A-11D0-8D11-00A0C91BC942}") = "gta", "gta.vcxproj", "{51BEA19E-5380-407B-AB76-5C384AB40E03}"
EndProject
Global
	GlobalSection(SolutionConfigurationPlatforms) = preSolution
		Release|x64 = Release|x64
	EndGlobalSection
	GlobalSection(ProjectConfigurationPlatforms) = postSolution
		{51BEA19E-5380-407B-AB76-5C384AB40E03}.Release|x64.ActiveCfg = Release|x64
		{51BEA19E-5380-407B-AB76-5C384AB40E03}.Release|x64.Build.0 = Release|x64
	EndGlobalSection
	GlobalSection(SolutionProperties) = preSolution
		HideSolutionNode = FALSE
	EndGlobalSection
	GlobalSection(ExtensibilityGlobals) = postSolution
		SolutionGuid = {37466CDA-362A-4E94-B48A-74C0E6368BAE}
	EndGlobalSection
EndGlobal
